{
  "version": "5",
  "specifiers": {
    "jsr:@core/iterutil@0.9": "0.9.0",
    "jsr:@cosense/std@0.31": "0.31.0",
    "jsr:@cosense/types@0.11": "0.11.3",
    "jsr:@cosense/types@~0.11.3": "0.11.3",
    "jsr:@std/async@^1.0.14": "1.0.14",
    "jsr:@std/http@^1.0.20": "1.0.20",
    "jsr:@std/json@^1.0.2": "1.0.2",
    "jsr:@std/testing@^1.0.15": "1.0.15",
    "npm:date-fns@4": "4.1.0",
    "npm:option-t@53": "53.0.0",
    "npm:preact@10": "10.27.2"
  },
  "jsr": {
    "@core/iterutil@0.9.0": {
      "integrity": "29a4ba1af8e79c2d63d96df4948bb995afb5256568401711ae97a1ef06cc67a8"
    },
    "@cosense/std@0.31.0": {
      "integrity": "8d598c3deb4024b14afabf6d516ca8864c90d74cb1609040161320c2981c04c6",
      "dependencies": [
        "jsr:@core/iterutil",
        "jsr:@cosense/types@~0.11.3",
        "jsr:@std/async",
        "jsr:@std/http",
        "jsr:@std/json",
        "jsr:@std/testing",
        "npm:option-t"
      ]
    },
    "@cosense/types@0.11.3": {
      "integrity": "de9af0bcf40978cb9ef5a2120971f6d1fc26f19ce4132aa938445ff2f00f514c"
    },
    "@std/async@1.0.14": {
      "integrity": "62e954a418652c704d37563a3e54a37d4cf0268a9dcaeac1660cc652880b5326"
    },
    "@std/http@1.0.20": {
      "integrity": "b5cc33fc001bccce65ed4c51815668c9891c69ccd908295997e983d8f56070a1"
    },
    "@std/json@1.0.2": {
      "integrity": "d9e5497801c15fb679f55a2c01c7794ad7a5dfda4dd1bebab5e409cb5e0d34d4"
    },
    "@std/testing@1.0.15": {
      "integrity": "a490169f5ccb0f3ae9c94fbc69d2cd43603f2cffb41713a85f99bbb0e3087cbc"
    }
  },
  "npm": {
    "date-fns@4.1.0": {
      "integrity": "sha512-Ukq0owbQXxa/U3EGtsdVBkR1w7KOQ5gIBqdH2hkvknzZPYvBxb/aa6E8L7tmjFtkwZBu3UXBbjIgPo/Ez4xaNg=="
    },
    "option-t@53.0.0": {
      "integrity": "sha512-qsyo1cFXfUN1MVnxTrpcy+V4tJYEBvEQmeiDkC6m5W/V2JiNfs4V/qXmDGZg4k9XRR1EWkv3jT8TXSZnhGPBLA=="
    },
    "preact@10.27.2": {
      "integrity": "sha512-5SYSgFKSyhCbk6SrXyMpqjb5+MQBgfvEKE/OC+PujcY34sOpqtr+0AZQtPYx5IA6VxynQ7rUPCtKzyovpj9Bpg=="
    }
  }
}
